
Microsoft Visual Studio Solution File, Format Version 12.00
# Visual Studio Version 16
VisualStudioVersion = 16.0.29709.97
MinimumVisualStudioVersion = 10.0.40219.1
Project("{9A19103F-16F7-4668-BE54-9A1E7A4F7556}") = "DiscordBot", "DiscordBot\DiscordBot.csproj", "{022547DA-28DD-4E83-A3AE-69F6AFE68102}"
EndProject
Project("{9A19103F-16F7-4668-BE54-9A1E7A4F7556}") = "Domain", "Domain\Domain.csproj", "{AB9156D2-558C-42CB-9762-9926F05C068A}"
EndProject
Project("{9A19103F-16F7-4668-BE54-9A1E7A4F7556}") = "Infrastructure", "Infrastructure\Infrastructure.csproj", "{A9D6ED9D-DF07-4E80-966F-CD9FA8EEFCAC}"
EndProject
Project("{2150E333-8FDC-42A3-9474-1A3956D46DE8}") = "5. Web", "5. Web", "{0CA78EAD-8F32-4ACC-9698-6AE17C6CF116}"
EndProject
Project("{9A19103F-16F7-4668-BE54-9A1E7A4F7556}") = "Aws", "Aws\Aws.csproj", "{2439AB2A-FE41-414C-A12E-8514D1FBF24A}"
EndProject
Project("{9A19103F-16F7-4668-BE54-9A1E7A4F7556}") = "Discord", "Discord\Discord.csproj", "{0F432238-7F0C-4239-B858-5073CF6C373D}"
EndProject
Project("{2150E333-8FDC-42A3-9474-1A3956D46DE8}") = "4. Bot", "4. Bot", "{4342B8C4-4BD0-4C53-911A-C395465C8462}"
EndProject
Project("{2150E333-8FDC-42A3-9474-1A3956D46DE8}") = "1. Domain", "1. Domain", "{A61E146D-9503-4352-AC0A-8E6CAF1B4BC6}"
EndProject
Project("{2150E333-8FDC-42A3-9474-1A3956D46DE8}") = "2. Infrastructure", "2. Infrastructure", "{6AEE0A53-CF21-41BD-862F-E7C0C0B88FD4}"
EndProject
Project("{9A19103F-16F7-4668-BE54-9A1E7A4F7556}") = "QuoteBotWeb", "QuoteBotWeb\QuoteBotWeb.csproj", "{47CB0CF6-9A07-430A-BA31-D7154EDCBF31}"
EndProject
Project("{2150E333-8FDC-42A3-9474-1A3956D46DE8}") = "3. Services", "3. Services", "{568BE0FD-3819-4DD1-9133-BF9F3A5E4ED1}"
EndProject
Project("{FAE04EC0-301F-11D3-BF4B-00C04F79EFBC}") = "Services", "Services\Services.csproj", "{51F9C159-785B-426A-8201-287371624E5E}"
EndProject
Global
	GlobalSection(SolutionConfigurationPlatforms) = preSolution
		Debug|Any CPU = Debug|Any CPU
		Release|Any CPU = Release|Any CPU
	EndGlobalSection
	GlobalSection(ProjectConfigurationPlatforms) = postSolution
		{022547DA-28DD-4E83-A3AE-69F6AFE68102}.Debug|Any CPU.ActiveCfg = Debug|Any CPU
		{022547DA-28DD-4E83-A3AE-69F6AFE68102}.Debug|Any CPU.Build.0 = Debug|Any CPU
		{022547DA-28DD-4E83-A3AE-69F6AFE68102}.Release|Any CPU.ActiveCfg = Release|Any CPU
		{022547DA-28DD-4E83-A3AE-69F6AFE68102}.Release|Any CPU.Build.0 = Release|Any CPU
		{AB9156D2-558C-42CB-9762-9926F05C068A}.Debug|Any CPU.ActiveCfg = Debug|Any CPU
		{AB9156D2-558C-42CB-9762-9926F05C068A}.Debug|Any CPU.Build.0 = Debug|Any CPU
		{AB9156D2-558C-42CB-9762-9926F05C068A}.Release|Any CPU.ActiveCfg = Release|Any CPU
		{AB9156D2-558C-42CB-9762-9926F05C068A}.Release|Any CPU.Build.0 = Release|Any CPU
		{A9D6ED9D-DF07-4E80-966F-CD9FA8EEFCAC}.Debug|Any CPU.ActiveCfg = Debug|Any CPU
		{A9D6ED9D-DF07-4E80-966F-CD9FA8EEFCAC}.Debug|Any CPU.Build.0 = Debug|Any CPU
		{A9D6ED9D-DF07-4E80-966F-CD9FA8EEFCAC}.Release|Any CPU.ActiveCfg = Release|Any CPU
		{A9D6ED9D-DF07-4E80-966F-CD9FA8EEFCAC}.Release|Any CPU.Build.0 = Release|Any CPU
		{2439AB2A-FE41-414C-A12E-8514D1FBF24A}.Debug|Any CPU.ActiveCfg = Debug|Any CPU
		{2439AB2A-FE41-414C-A12E-8514D1FBF24A}.Debug|Any CPU.Build.0 = Debug|Any CPU
		{2439AB2A-FE41-414C-A12E-8514D1FBF24A}.Release|Any CPU.ActiveCfg = Release|Any CPU
		{2439AB2A-FE41-414C-A12E-8514D1FBF24A}.Release|Any CPU.Build.0 = Release|Any CPU
		{0F432238-7F0C-4239-B858-5073CF6C373D}.Debug|Any CPU.ActiveCfg = Debug|Any CPU
		{0F432238-7F0C-4239-B858-5073CF6C373D}.Debug|Any CPU.Build.0 = Debug|Any CPU
		{0F432238-7F0C-4239-B858-5073CF6C373D}.Release|Any CPU.ActiveCfg = Release|Any CPU
		{0F432238-7F0C-4239-B858-5073CF6C373D}.Release|Any CPU.Build.0 = Release|Any CPU
		{47CB0CF6-9A07-430A-BA31-D7154EDCBF31}.Debug|Any CPU.ActiveCfg = Debug|Any CPU
		{47CB0CF6-9A07-430A-BA31-D7154EDCBF31}.Debug|Any CPU.Build.0 = Debug|Any CPU
		{47CB0CF6-9A07-430A-BA31-D7154EDCBF31}.Release|Any CPU.ActiveCfg = Release|Any CPU
		{47CB0CF6-9A07-430A-BA31-D7154EDCBF31}.Release|Any CPU.Build.0 = Release|Any CPU
		{51F9C159-785B-426A-8201-287371624E5E}.Debug|Any CPU.ActiveCfg = Debug|Any CPU
		{51F9C159-785B-426A-8201-287371624E5E}.Debug|Any CPU.Build.0 = Debug|Any CPU
		{51F9C159-785B-426A-8201-287371624E5E}.Release|Any CPU.ActiveCfg = Release|Any CPU
		{51F9C159-785B-426A-8201-287371624E5E}.Release|Any CPU.Build.0 = Release|Any CPU
	EndGlobalSection
	GlobalSection(SolutionProperties) = preSolution
		HideSolutionNode = FALSE
	EndGlobalSection
	GlobalSection(NestedProjects) = preSolution
		{022547DA-28DD-4E83-A3AE-69F6AFE68102} = {4342B8C4-4BD0-4C53-911A-C395465C8462}
		{AB9156D2-558C-42CB-9762-9926F05C068A} = {A61E146D-9503-4352-AC0A-8E6CAF1B4BC6}
		{A9D6ED9D-DF07-4E80-966F-CD9FA8EEFCAC} = {6AEE0A53-CF21-41BD-862F-E7C0C0B88FD4}
		{2439AB2A-FE41-414C-A12E-8514D1FBF24A} = {6AEE0A53-CF21-41BD-862F-E7C0C0B88FD4}
		{0F432238-7F0C-4239-B858-5073CF6C373D} = {6AEE0A53-CF21-41BD-862F-E7C0C0B88FD4}
		{47CB0CF6-9A07-430A-BA31-D7154EDCBF31} = {0CA78EAD-8F32-4ACC-9698-6AE17C6CF116}
		{51F9C159-785B-426A-8201-287371624E5E} = {568BE0FD-3819-4DD1-9133-BF9F3A5E4ED1}
	EndGlobalSection
	GlobalSection(ExtensibilityGlobals) = postSolution
		SolutionGuid = {41CED791-38FF-42FD-A8B0-C797D79E20F1}
	EndGlobalSection
EndGlobal
