
Microsoft Visual Studio Solution File, Format Version 12.00
# Visual Studio Version 16
VisualStudioVersion = 16.0.29709.97
MinimumVisualStudioVersion = 10.0.40219.1
Project("{9A19103F-16F7-4668-BE54-9A1E7A4F7556}") = "DiscordBot", "DiscordBot\DiscordBot.csproj", "{022547DA-28DD-4E83-A3AE-69F6AFE68102}"
EndProject
Project("{9A19103F-16F7-4668-BE54-9A1E7A4F7556}") = "Domain", "Domain\Domain.csproj", "{AB9156D2-558C-42CB-9762-9926F05C068A}"
EndProject
Project("{9A19103F-16F7-4668-BE54-9A1E7A4F7556}") = "Infrastructure", "Infrastructure\Infrastructure.csproj", "{A9D6ED9D-DF07-4E80-966F-CD9FA8EEFCAC}"
EndProject
Global
	GlobalSection(SolutionConfigurationPlatforms) = preSolution
		Debug|Any CPU = Debug|Any CPU
		Release|Any CPU = Release|Any CPU
	EndGlobalSection
	GlobalSection(ProjectConfigurationPlatforms) = postSolution
		{022547DA-28DD-4E83-A3AE-69F6AFE68102}.Debug|Any CPU.ActiveCfg = Debug|Any CPU
		{022547DA-28DD-4E83-A3AE-69F6AFE68102}.Debug|Any CPU.Build.0 = Debug|Any CPU
		{022547DA-28DD-4E83-A3AE-69F6AFE68102}.Release|Any CPU.ActiveCfg = Release|Any CPU
		{022547DA-28DD-4E83-A3AE-69F6AFE68102}.Release|Any CPU.Build.0 = Release|Any CPU
		{AB9156D2-558C-42CB-9762-9926F05C068A}.Debug|Any CPU.ActiveCfg = Debug|Any CPU
		{AB9156D2-558C-42CB-9762-9926F05C068A}.Debug|Any CPU.Build.0 = Debug|Any CPU
		{AB9156D2-558C-42CB-9762-9926F05C068A}.Release|Any CPU.ActiveCfg = Release|Any CPU
		{AB9156D2-558C-42CB-9762-9926F05C068A}.Release|Any CPU.Build.0 = Release|Any CPU
		{A9D6ED9D-DF07-4E80-966F-CD9FA8EEFCAC}.Debug|Any CPU.ActiveCfg = Debug|Any CPU
		{A9D6ED9D-DF07-4E80-966F-CD9FA8EEFCAC}.Debug|Any CPU.Build.0 = Debug|Any CPU
		{A9D6ED9D-DF07-4E80-966F-CD9FA8EEFCAC}.Release|Any CPU.ActiveCfg = Release|Any CPU
		{A9D6ED9D-DF07-4E80-966F-CD9FA8EEFCAC}.Release|Any CPU.Build.0 = Release|Any CPU
	EndGlobalSection
	GlobalSection(SolutionProperties) = preSolution
		HideSolutionNode = FALSE
	EndGlobalSection
	GlobalSection(ExtensibilityGlobals) = postSolution
		SolutionGuid = {41CED791-38FF-42FD-A8B0-C797D79E20F1}
	EndGlobalSection
EndGlobal
